
Microsoft Visual Studio Solution File, Format Version 12.00
# Visual Studio Version 16
VisualStudioVersion = 16.0.29411.108
MinimumVisualStudioVersion = 10.0.40219.1
Project("{FAE04EC0-301F-11D3-BF4B-00C04F79EFBC}") = "FaleMais", "ProvaBackEnd\FaleMais.csproj", "{8D4ED43A-BC87-4B82-BA17-49841A42BC9B}"
EndProject
Project("{FAE04EC0-301F-11D3-BF4B-00C04F79EFBC}") = "ProvaBackEnd.Tests", "ProvaBackEnd.Tests\ProvaBackEnd.Tests.csproj", "{C3FDCFAD-997B-4579-BD26-50BC6D614C9E}"
EndProject
Global
	GlobalSection(SolutionConfigurationPlatforms) = preSolution
		Debug|Any CPU = Debug|Any CPU
		Release|Any CPU = Release|Any CPU
	EndGlobalSection
	GlobalSection(ProjectConfigurationPlatforms) = postSolution
		{8D4ED43A-BC87-4B82-BA17-49841A42BC9B}.Debug|Any CPU.ActiveCfg = Debug|Any CPU
		{8D4ED43A-BC87-4B82-BA17-49841A42BC9B}.Debug|Any CPU.Build.0 = Debug|Any CPU
		{8D4ED43A-BC87-4B82-BA17-49841A42BC9B}.Release|Any CPU.ActiveCfg = Release|Any CPU
		{8D4ED43A-BC87-4B82-BA17-49841A42BC9B}.Release|Any CPU.Build.0 = Release|Any CPU
		{C3FDCFAD-997B-4579-BD26-50BC6D614C9E}.Debug|Any CPU.ActiveCfg = Debug|Any CPU
		{C3FDCFAD-997B-4579-BD26-50BC6D614C9E}.Debug|Any CPU.Build.0 = Debug|Any CPU
		{C3FDCFAD-997B-4579-BD26-50BC6D614C9E}.Release|Any CPU.ActiveCfg = Release|Any CPU
		{C3FDCFAD-997B-4579-BD26-50BC6D614C9E}.Release|Any CPU.Build.0 = Release|Any CPU
	EndGlobalSection
	GlobalSection(SolutionProperties) = preSolution
		HideSolutionNode = FALSE
	EndGlobalSection
	GlobalSection(ExtensibilityGlobals) = postSolution
		SolutionGuid = {E46DE07C-E1D9-4680-8E20-F0B80D323911}
	EndGlobalSection
EndGlobal
